
Microsoft Visual Studio Solution File, Format Version 12.00
# Visual Studio Version 17
VisualStudioVersion = 17.13.35818.85 d17.13
MinimumVisualStudioVersion = 10.0.40219.1
Project("{FAE04EC0-301F-11D3-BF4B-00C04F79EFBC}") = "MinApiLookup", "MinApiLookup\MinApiLookup.csproj", "{7D1AE050-0494-4060-84F7-9244998F4DCE}"
EndProject
Global
	GlobalSection(SolutionConfigurationPlatforms) = preSolution
		Debug|Any CPU = Debug|Any CPU
		Release|Any CPU = Release|Any CPU
	EndGlobalSection
	GlobalSection(ProjectConfigurationPlatforms) = postSolution
		{7D1AE050-0494-4060-84F7-9244998F4DCE}.Debug|Any CPU.ActiveCfg = Debug|Any CPU
		{7D1AE050-0494-4060-84F7-9244998F4DCE}.Debug|Any CPU.Build.0 = Debug|Any CPU
		{7D1AE050-0494-4060-84F7-9244998F4DCE}.Release|Any CPU.ActiveCfg = Release|Any CPU
		{7D1AE050-0494-4060-84F7-9244998F4DCE}.Release|Any CPU.Build.0 = Release|Any CPU
	EndGlobalSection
	GlobalSection(SolutionProperties) = preSolution
		HideSolutionNode = FALSE
	EndGlobalSection
	GlobalSection(ExtensibilityGlobals) = postSolution
		SolutionGuid = {30B312C9-4137-4230-A6C0-5A421F892C11}
	EndGlobalSection
EndGlobal
